
Microsoft Visual Studio Solution File, Format Version 11.00
# Visual C++ Express 2010
Project("{8BC9CEB8-8B4A-11D0-8D11-00A0C91BC942}") = "ssrr", "ssrr\ssrr.vcxproj", "{53798374-4675-4488-A3C0-303A238C8792}"
EndProject
Project("{8BC9CEB8-8B4A-11D0-8D11-00A0C91BC942}") = "udp", "udp\udp.vcxproj", "{3B196818-A124-43A1-B56A-2A221DC4C71F}"
EndProject
Project("{8BC9CEB8-8B4A-11D0-8D11-00A0C91BC942}") = "tcp", "tcp\tcp.vcxproj", "{3A300E8D-D04F-4924-A9EB-5F35C7ADB9F6}"
EndProject
Project("{8BC9CEB8-8B4A-11D0-8D11-00A0C91BC942}") = "udpv6", "udpv6\udpv6.vcxproj", "{42229111-01BA-498E-B77D-ED5C767FE061}"
EndProject
Project("{8BC9CEB8-8B4A-11D0-8D11-00A0C91BC942}") = "ping", "ping\ping.vcxproj", "{28AFD3D4-79BA-4DAE-86B7-7CEB2144F116}"
EndProject
Global
	GlobalSection(SolutionConfigurationPlatforms) = preSolution
		Debug|Win32 = Debug|Win32
		Release|Win32 = Release|Win32
	EndGlobalSection
	GlobalSection(ProjectConfigurationPlatforms) = postSolution
		{53798374-4675-4488-A3C0-303A238C8792}.Debug|Win32.ActiveCfg = Debug|Win32
		{53798374-4675-4488-A3C0-303A238C8792}.Debug|Win32.Build.0 = Debug|Win32
		{53798374-4675-4488-A3C0-303A238C8792}.Release|Win32.ActiveCfg = Release|Win32
		{53798374-4675-4488-A3C0-303A238C8792}.Release|Win32.Build.0 = Release|Win32
		{3B196818-A124-43A1-B56A-2A221DC4C71F}.Debug|Win32.ActiveCfg = Debug|Win32
		{3B196818-A124-43A1-B56A-2A221DC4C71F}.Debug|Win32.Build.0 = Debug|Win32
		{3B196818-A124-43A1-B56A-2A221DC4C71F}.Release|Win32.ActiveCfg = Release|Win32
		{3B196818-A124-43A1-B56A-2A221DC4C71F}.Release|Win32.Build.0 = Release|Win32
		{3A300E8D-D04F-4924-A9EB-5F35C7ADB9F6}.Debug|Win32.ActiveCfg = Debug|Win32
		{3A300E8D-D04F-4924-A9EB-5F35C7ADB9F6}.Debug|Win32.Build.0 = Debug|Win32
		{3A300E8D-D04F-4924-A9EB-5F35C7ADB9F6}.Release|Win32.ActiveCfg = Release|Win32
		{3A300E8D-D04F-4924-A9EB-5F35C7ADB9F6}.Release|Win32.Build.0 = Release|Win32
		{42229111-01BA-498E-B77D-ED5C767FE061}.Debug|Win32.ActiveCfg = Debug|Win32
		{42229111-01BA-498E-B77D-ED5C767FE061}.Debug|Win32.Build.0 = Debug|Win32
		{42229111-01BA-498E-B77D-ED5C767FE061}.Release|Win32.ActiveCfg = Release|Win32
		{42229111-01BA-498E-B77D-ED5C767FE061}.Release|Win32.Build.0 = Release|Win32
		{28AFD3D4-79BA-4DAE-86B7-7CEB2144F116}.Debug|Win32.ActiveCfg = Debug|Win32
		{28AFD3D4-79BA-4DAE-86B7-7CEB2144F116}.Debug|Win32.Build.0 = Debug|Win32
		{28AFD3D4-79BA-4DAE-86B7-7CEB2144F116}.Release|Win32.ActiveCfg = Release|Win32
		{28AFD3D4-79BA-4DAE-86B7-7CEB2144F116}.Release|Win32.Build.0 = Release|Win32
	EndGlobalSection
	GlobalSection(SolutionProperties) = preSolution
		HideSolutionNode = FALSE
	EndGlobalSection
EndGlobal
